
Microsoft Visual Studio Solution File, Format Version 12.00
# Visual Studio 14
VisualStudioVersion = 14.0.25123.0
MinimumVisualStudioVersion = 10.0.40219.1
Project("{2150E333-8FDC-42A3-9474-1A3956D46DE8}") = "src", "src", "{75651684-FB5A-4C1D-AC79-B8C2A6A18831}"
EndProject
Project("{2150E333-8FDC-42A3-9474-1A3956D46DE8}") = "Solution Items", "Solution Items", "{01179924-355C-4618-8861-867793F5B6A2}"
	ProjectSection(SolutionItems) = preProject
		global.json = global.json
	EndProjectSection
EndProject
Project("{8BB2217D-0F2D-49D1-97BC-3654ED321F3B}") = "NotDolls2", "src\NotDolls2\NotDolls2.xproj", "{750CCC52-2667-49E7-B480-386DA6D592A8}"
EndProject
Global
	GlobalSection(SolutionConfigurationPlatforms) = preSolution
		Debug|Any CPU = Debug|Any CPU
		Release|Any CPU = Release|Any CPU
	EndGlobalSection
	GlobalSection(ProjectConfigurationPlatforms) = postSolution
		{750CCC52-2667-49E7-B480-386DA6D592A8}.Debug|Any CPU.ActiveCfg = Debug|Any CPU
		{750CCC52-2667-49E7-B480-386DA6D592A8}.Debug|Any CPU.Build.0 = Debug|Any CPU
		{750CCC52-2667-49E7-B480-386DA6D592A8}.Release|Any CPU.ActiveCfg = Release|Any CPU
		{750CCC52-2667-49E7-B480-386DA6D592A8}.Release|Any CPU.Build.0 = Release|Any CPU
	EndGlobalSection
	GlobalSection(SolutionProperties) = preSolution
		HideSolutionNode = FALSE
	EndGlobalSection
	GlobalSection(NestedProjects) = preSolution
		{750CCC52-2667-49E7-B480-386DA6D592A8} = {75651684-FB5A-4C1D-AC79-B8C2A6A18831}
	EndGlobalSection
EndGlobal
